{
  "name": "Nueva carpeta",
  "lockfileVersion": 2,
  "requires": true,
  "packages": {
    "": {
      "dependencies": {
        "windows-shortcuts": "^0.1.6"
      }
    },
    "node_modules/windows-shortcuts": {
      "version": "0.1.6",
      "resolved": "https://registry.npmjs.org/windows-shortcuts/-/windows-shortcuts-0.1.6.tgz",
      "integrity": "sha1-J5cMXDRv/YGCHD4SUowLq8oKWpk="
    }
  },
  "dependencies": {
    "windows-shortcuts": {
      "version": "0.1.6",
      "resolved": "https://registry.npmjs.org/windows-shortcuts/-/windows-shortcuts-0.1.6.tgz",
      "integrity": "sha1-J5cMXDRv/YGCHD4SUowLq8oKWpk="
    }
  }
}
